
Microsoft Visual Studio Solution File, Format Version 12.00
# Visual Studio Version 17
VisualStudioVersion = 17.13.35806.99 d17.13
MinimumVisualStudioVersion = 10.0.40219.1
Project("{8BC9CEB8-8B4A-11D0-8D11-00A0C91BC942}") = "Лаб1", "Лаб1\Лаб1.vcxproj", "{51D9B97A-8AB3-4924-9B4C-B2732C01F5AC}"
EndProject
Global
	GlobalSection(SolutionConfigurationPlatforms) = preSolution
		Debug|x64 = Debug|x64
		Debug|x86 = Debug|x86
		Release|x64 = Release|x64
		Release|x86 = Release|x86
	EndGlobalSection
	GlobalSection(ProjectConfigurationPlatforms) = postSolution
		{51D9B97A-8AB3-4924-9B4C-B2732C01F5AC}.Debug|x64.ActiveCfg = Debug|x64
		{51D9B97A-8AB3-4924-9B4C-B2732C01F5AC}.Debug|x64.Build.0 = Debug|x64
		{51D9B97A-8AB3-4924-9B4C-B2732C01F5AC}.Debug|x86.ActiveCfg = Debug|Win32
		{51D9B97A-8AB3-4924-9B4C-B2732C01F5AC}.Debug|x86.Build.0 = Debug|Win32
		{51D9B97A-8AB3-4924-9B4C-B2732C01F5AC}.Release|x64.ActiveCfg = Release|x64
		{51D9B97A-8AB3-4924-9B4C-B2732C01F5AC}.Release|x64.Build.0 = Release|x64
		{51D9B97A-8AB3-4924-9B4C-B2732C01F5AC}.Release|x86.ActiveCfg = Release|Win32
		{51D9B97A-8AB3-4924-9B4C-B2732C01F5AC}.Release|x86.Build.0 = Release|Win32
	EndGlobalSection
	GlobalSection(SolutionProperties) = preSolution
		HideSolutionNode = FALSE
	EndGlobalSection
	GlobalSection(ExtensibilityGlobals) = postSolution
		SolutionGuid = {181C683E-7679-4185-A1BE-544189B4BC92}
	EndGlobalSection
EndGlobal
